
Microsoft Visual Studio Solution File, Format Version 12.00
# Visual Studio Version 17
VisualStudioVersion = 17.0.32126.317
MinimumVisualStudioVersion = 10.0.40219.1
Project("{2150E333-8FDC-42A3-9474-1A3956D46DE8}") = "src", "src", "{B5085B83-CFE3-4BBA-A92C-CDCAA9B86BC5}"
EndProject
Project("{2150E333-8FDC-42A3-9474-1A3956D46DE8}") = "test", "test", "{E1BD19D9-F466-4D5D-8949-6DCE67342A6C}"
EndProject
Project("{2150E333-8FDC-42A3-9474-1A3956D46DE8}") = "Solution Items", "Solution Items", "{B943B795-FCA8-4A16-BC99-93EDA9E90E91}"
	ProjectSection(SolutionItems) = preProject
		.editorconfig = .editorconfig
	EndProjectSection
EndProject
Project("{9A19103F-16F7-4668-BE54-9A1E7A4F7556}") = "BooksStore.Core", "src\BooksStore.Core\BooksStore.Core.csproj", "{408DA0E4-7A5A-49E0-8711-965B6954D18D}"
EndProject
Project("{9A19103F-16F7-4668-BE54-9A1E7A4F7556}") = "SharedKernel", "src\BooksStore.SharedKernel\SharedKernel.csproj", "{31065D75-BB61-4C69-9745-9D6B348BDCFC}"
EndProject
Project("{9A19103F-16F7-4668-BE54-9A1E7A4F7556}") = "BooksStore.UnitTests", "tests\BooksStore.UnitTests\BooksStore.UnitTests.csproj", "{266731F7-E49B-41D1-BC06-02274D6165FB}"
EndProject
Project("{9A19103F-16F7-4668-BE54-9A1E7A4F7556}") = "BooksStore.Debug.Console", "src\BooksStore.Debug.Console\BooksStore.Debug.Console.csproj", "{708D8C59-72A5-4C67-A8EC-D8D297075696}"
EndProject
Project("{9A19103F-16F7-4668-BE54-9A1E7A4F7556}") = "BooksStore.Infra.Data", "src\BooksStore.Infra.Data\BooksStore.Infra.Data.csproj", "{4DBAABBC-C1A6-4510-A7CC-2A398EB387DC}"
EndProject
Project("{9A19103F-16F7-4668-BE54-9A1E7A4F7556}") = "BooksStore.Web", "src\BooksStore.Web\BooksStore.Web.csproj", "{93EFE918-E268-46A1-8625-DEFC98246A3F}"
EndProject
Project("{9A19103F-16F7-4668-BE54-9A1E7A4F7556}") = "BooksStore.IntegrationTests", "tests\BooksStore.IntegrationTests\BooksStore.IntegrationTests.csproj", "{68ED0FA3-5AD7-430F-95FB-4F7C2F5DE46D}"
EndProject
Project("{9A19103F-16F7-4668-BE54-9A1E7A4F7556}") = "BooksStore.WebApi", "src\BooksStore.WebApi\BooksStore.WebApi.csproj", "{A5EC1D34-3B3A-4DC0-B892-E0AE5240DB7D}"
EndProject
Project("{9A19103F-16F7-4668-BE54-9A1E7A4F7556}") = "BooksStore.Infra.MongoDB", "src\BooksStore.Infra.MongoDB\BooksStore.Infra.MongoDB.csproj", "{0F117244-39D3-42FF-9781-C9DA82B1AC0A}"
EndProject
Project("{9A19103F-16F7-4668-BE54-9A1E7A4F7556}") = "BooksStore.Infra.Bus", "src\BooksStore.Infra.Bus\BooksStore.Infra.Bus.csproj", "{B20533FB-43FF-4B1B-AEB6-D566B15DA2B1}"
EndProject
Project("{2150E333-8FDC-42A3-9474-1A3956D46DE8}") = "Core", "Core", "{BB01674C-1CDF-457E-9639-87F1B36F8DCA}"
EndProject
Project("{2150E333-8FDC-42A3-9474-1A3956D46DE8}") = "Infra.Bus", "Infra.Bus", "{D4286E4C-0B0C-4FDD-87B1-26F5EB03F338}"
EndProject
Project("{2150E333-8FDC-42A3-9474-1A3956D46DE8}") = "Infra.Data", "Infra.Data", "{835A4E31-F504-4D73-B8DD-85799A5F5A97}"
EndProject
Project("{2150E333-8FDC-42A3-9474-1A3956D46DE8}") = "IoC", "IoC", "{6BF48FF6-911A-4856-B526-178CE033B6AD}"
EndProject
Project("{2150E333-8FDC-42A3-9474-1A3956D46DE8}") = "Presentation", "Presentation", "{6A382376-E2DF-4D27-AD82-D0B231A0F074}"
EndProject
Project("{9A19103F-16F7-4668-BE54-9A1E7A4F7556}") = "BooksStore.Infra.EfDB", "src\BooksStore.Infra.EfDB\BooksStore.Infra.EfDB.csproj", "{DDA4988C-B760-408D-8365-C76398F84CD6}"
EndProject
Project("{9A19103F-16F7-4668-BE54-9A1E7A4F7556}") = "BooksStore.Core.IoC", "src\BooksStore.Core.Ioc\BooksStore.Core.IoC.csproj", "{8AB3A1AF-2E8F-43A9-A339-101EAD4687B9}"
EndProject
Project("{9A19103F-16F7-4668-BE54-9A1E7A4F7556}") = "BooksStore.Domain.Core", "src\BooksStore.Domain.Core\BooksStore.Domain.Core.csproj", "{6BD39F05-2000-41A1-BBB9-023C58A16CB5}"
EndProject
Project("{2150E333-8FDC-42A3-9474-1A3956D46DE8}") = "External", "External", "{86473F17-C524-4211-9897-1CC532801551}"
EndProject
Project("{2150E333-8FDC-42A3-9474-1A3956D46DE8}") = "Infrastructure", "Infrastructure", "{FE3ABEB1-EA27-4CBE-8554-34D93EDFD034}"
EndProject
Project("{FAE04EC0-301F-11D3-BF4B-00C04F79EFBC}") = "BooksStore.Domain", "Domain\BooksStore.Domain.csproj", "{355D2AD2-5A32-4E1C-A9E7-9856633E2091}"
EndProject
Project("{FAE04EC0-301F-11D3-BF4B-00C04F79EFBC}") = "BooksStore.Application", "BooksStore.Application\BooksStore.Application.csproj", "{B05BDDCA-76D3-4D45-AEA2-C5EBC9471C10}"
EndProject
Project("{FAE04EC0-301F-11D3-BF4B-00C04F79EFBC}") = "Infrastructure", "Infrastructure\Infrastructure.csproj", "{BB1B8397-47F1-4EF2-A7B8-E9780B80EA2F}"
EndProject
Global
	GlobalSection(SolutionConfigurationPlatforms) = preSolution
		Debug|Any CPU = Debug|Any CPU
		Release|Any CPU = Release|Any CPU
	EndGlobalSection
	GlobalSection(ProjectConfigurationPlatforms) = postSolution
		{408DA0E4-7A5A-49E0-8711-965B6954D18D}.Debug|Any CPU.ActiveCfg = Debug|Any CPU
		{408DA0E4-7A5A-49E0-8711-965B6954D18D}.Debug|Any CPU.Build.0 = Debug|Any CPU
		{408DA0E4-7A5A-49E0-8711-965B6954D18D}.Release|Any CPU.ActiveCfg = Release|Any CPU
		{408DA0E4-7A5A-49E0-8711-965B6954D18D}.Release|Any CPU.Build.0 = Release|Any CPU
		{31065D75-BB61-4C69-9745-9D6B348BDCFC}.Debug|Any CPU.ActiveCfg = Debug|Any CPU
		{31065D75-BB61-4C69-9745-9D6B348BDCFC}.Debug|Any CPU.Build.0 = Debug|Any CPU
		{31065D75-BB61-4C69-9745-9D6B348BDCFC}.Release|Any CPU.ActiveCfg = Release|Any CPU
		{31065D75-BB61-4C69-9745-9D6B348BDCFC}.Release|Any CPU.Build.0 = Release|Any CPU
		{266731F7-E49B-41D1-BC06-02274D6165FB}.Debug|Any CPU.ActiveCfg = Debug|Any CPU
		{266731F7-E49B-41D1-BC06-02274D6165FB}.Debug|Any CPU.Build.0 = Debug|Any CPU
		{266731F7-E49B-41D1-BC06-02274D6165FB}.Release|Any CPU.ActiveCfg = Release|Any CPU
		{266731F7-E49B-41D1-BC06-02274D6165FB}.Release|Any CPU.Build.0 = Release|Any CPU
		{708D8C59-72A5-4C67-A8EC-D8D297075696}.Debug|Any CPU.ActiveCfg = Debug|Any CPU
		{708D8C59-72A5-4C67-A8EC-D8D297075696}.Debug|Any CPU.Build.0 = Debug|Any CPU
		{708D8C59-72A5-4C67-A8EC-D8D297075696}.Release|Any CPU.ActiveCfg = Release|Any CPU
		{708D8C59-72A5-4C67-A8EC-D8D297075696}.Release|Any CPU.Build.0 = Release|Any CPU
		{4DBAABBC-C1A6-4510-A7CC-2A398EB387DC}.Debug|Any CPU.ActiveCfg = Debug|Any CPU
		{4DBAABBC-C1A6-4510-A7CC-2A398EB387DC}.Debug|Any CPU.Build.0 = Debug|Any CPU
		{4DBAABBC-C1A6-4510-A7CC-2A398EB387DC}.Release|Any CPU.ActiveCfg = Release|Any CPU
		{4DBAABBC-C1A6-4510-A7CC-2A398EB387DC}.Release|Any CPU.Build.0 = Release|Any CPU
		{93EFE918-E268-46A1-8625-DEFC98246A3F}.Debug|Any CPU.ActiveCfg = Debug|Any CPU
		{93EFE918-E268-46A1-8625-DEFC98246A3F}.Debug|Any CPU.Build.0 = Debug|Any CPU
		{93EFE918-E268-46A1-8625-DEFC98246A3F}.Release|Any CPU.ActiveCfg = Release|Any CPU
		{93EFE918-E268-46A1-8625-DEFC98246A3F}.Release|Any CPU.Build.0 = Release|Any CPU
		{68ED0FA3-5AD7-430F-95FB-4F7C2F5DE46D}.Debug|Any CPU.ActiveCfg = Debug|Any CPU
		{68ED0FA3-5AD7-430F-95FB-4F7C2F5DE46D}.Debug|Any CPU.Build.0 = Debug|Any CPU
		{68ED0FA3-5AD7-430F-95FB-4F7C2F5DE46D}.Release|Any CPU.ActiveCfg = Release|Any CPU
		{68ED0FA3-5AD7-430F-95FB-4F7C2F5DE46D}.Release|Any CPU.Build.0 = Release|Any CPU
		{A5EC1D34-3B3A-4DC0-B892-E0AE5240DB7D}.Debug|Any CPU.ActiveCfg = Debug|Any CPU
		{A5EC1D34-3B3A-4DC0-B892-E0AE5240DB7D}.Debug|Any CPU.Build.0 = Debug|Any CPU
		{A5EC1D34-3B3A-4DC0-B892-E0AE5240DB7D}.Release|Any CPU.ActiveCfg = Release|Any CPU
		{A5EC1D34-3B3A-4DC0-B892-E0AE5240DB7D}.Release|Any CPU.Build.0 = Release|Any CPU
		{0F117244-39D3-42FF-9781-C9DA82B1AC0A}.Debug|Any CPU.ActiveCfg = Debug|Any CPU
		{0F117244-39D3-42FF-9781-C9DA82B1AC0A}.Debug|Any CPU.Build.0 = Debug|Any CPU
		{0F117244-39D3-42FF-9781-C9DA82B1AC0A}.Release|Any CPU.ActiveCfg = Release|Any CPU
		{0F117244-39D3-42FF-9781-C9DA82B1AC0A}.Release|Any CPU.Build.0 = Release|Any CPU
		{B20533FB-43FF-4B1B-AEB6-D566B15DA2B1}.Debug|Any CPU.ActiveCfg = Debug|Any CPU
		{B20533FB-43FF-4B1B-AEB6-D566B15DA2B1}.Debug|Any CPU.Build.0 = Debug|Any CPU
		{B20533FB-43FF-4B1B-AEB6-D566B15DA2B1}.Release|Any CPU.ActiveCfg = Release|Any CPU
		{B20533FB-43FF-4B1B-AEB6-D566B15DA2B1}.Release|Any CPU.Build.0 = Release|Any CPU
		{DDA4988C-B760-408D-8365-C76398F84CD6}.Debug|Any CPU.ActiveCfg = Debug|Any CPU
		{DDA4988C-B760-408D-8365-C76398F84CD6}.Debug|Any CPU.Build.0 = Debug|Any CPU
		{DDA4988C-B760-408D-8365-C76398F84CD6}.Release|Any CPU.ActiveCfg = Release|Any CPU
		{DDA4988C-B760-408D-8365-C76398F84CD6}.Release|Any CPU.Build.0 = Release|Any CPU
		{8AB3A1AF-2E8F-43A9-A339-101EAD4687B9}.Debug|Any CPU.ActiveCfg = Debug|Any CPU
		{8AB3A1AF-2E8F-43A9-A339-101EAD4687B9}.Debug|Any CPU.Build.0 = Debug|Any CPU
		{8AB3A1AF-2E8F-43A9-A339-101EAD4687B9}.Release|Any CPU.ActiveCfg = Release|Any CPU
		{8AB3A1AF-2E8F-43A9-A339-101EAD4687B9}.Release|Any CPU.Build.0 = Release|Any CPU
		{6BD39F05-2000-41A1-BBB9-023C58A16CB5}.Debug|Any CPU.ActiveCfg = Debug|Any CPU
		{6BD39F05-2000-41A1-BBB9-023C58A16CB5}.Debug|Any CPU.Build.0 = Debug|Any CPU
		{6BD39F05-2000-41A1-BBB9-023C58A16CB5}.Release|Any CPU.ActiveCfg = Release|Any CPU
		{6BD39F05-2000-41A1-BBB9-023C58A16CB5}.Release|Any CPU.Build.0 = Release|Any CPU
		{355D2AD2-5A32-4E1C-A9E7-9856633E2091}.Debug|Any CPU.ActiveCfg = Debug|Any CPU
		{355D2AD2-5A32-4E1C-A9E7-9856633E2091}.Debug|Any CPU.Build.0 = Debug|Any CPU
		{355D2AD2-5A32-4E1C-A9E7-9856633E2091}.Release|Any CPU.ActiveCfg = Release|Any CPU
		{355D2AD2-5A32-4E1C-A9E7-9856633E2091}.Release|Any CPU.Build.0 = Release|Any CPU
		{B05BDDCA-76D3-4D45-AEA2-C5EBC9471C10}.Debug|Any CPU.ActiveCfg = Debug|Any CPU
		{B05BDDCA-76D3-4D45-AEA2-C5EBC9471C10}.Debug|Any CPU.Build.0 = Debug|Any CPU
		{B05BDDCA-76D3-4D45-AEA2-C5EBC9471C10}.Release|Any CPU.ActiveCfg = Release|Any CPU
		{B05BDDCA-76D3-4D45-AEA2-C5EBC9471C10}.Release|Any CPU.Build.0 = Release|Any CPU
		{BB1B8397-47F1-4EF2-A7B8-E9780B80EA2F}.Debug|Any CPU.ActiveCfg = Debug|Any CPU
		{BB1B8397-47F1-4EF2-A7B8-E9780B80EA2F}.Debug|Any CPU.Build.0 = Debug|Any CPU
		{BB1B8397-47F1-4EF2-A7B8-E9780B80EA2F}.Release|Any CPU.ActiveCfg = Release|Any CPU
		{BB1B8397-47F1-4EF2-A7B8-E9780B80EA2F}.Release|Any CPU.Build.0 = Release|Any CPU
	EndGlobalSection
	GlobalSection(SolutionProperties) = preSolution
		HideSolutionNode = FALSE
	EndGlobalSection
	GlobalSection(NestedProjects) = preSolution
		{408DA0E4-7A5A-49E0-8711-965B6954D18D} = {BB01674C-1CDF-457E-9639-87F1B36F8DCA}
		{31065D75-BB61-4C69-9745-9D6B348BDCFC} = {BB01674C-1CDF-457E-9639-87F1B36F8DCA}
		{266731F7-E49B-41D1-BC06-02274D6165FB} = {E1BD19D9-F466-4D5D-8949-6DCE67342A6C}
		{708D8C59-72A5-4C67-A8EC-D8D297075696} = {6A382376-E2DF-4D27-AD82-D0B231A0F074}
		{4DBAABBC-C1A6-4510-A7CC-2A398EB387DC} = {835A4E31-F504-4D73-B8DD-85799A5F5A97}
		{93EFE918-E268-46A1-8625-DEFC98246A3F} = {6A382376-E2DF-4D27-AD82-D0B231A0F074}
		{68ED0FA3-5AD7-430F-95FB-4F7C2F5DE46D} = {E1BD19D9-F466-4D5D-8949-6DCE67342A6C}
		{A5EC1D34-3B3A-4DC0-B892-E0AE5240DB7D} = {6A382376-E2DF-4D27-AD82-D0B231A0F074}
		{0F117244-39D3-42FF-9781-C9DA82B1AC0A} = {6BF48FF6-911A-4856-B526-178CE033B6AD}
		{B20533FB-43FF-4B1B-AEB6-D566B15DA2B1} = {D4286E4C-0B0C-4FDD-87B1-26F5EB03F338}
		{BB01674C-1CDF-457E-9639-87F1B36F8DCA} = {B5085B83-CFE3-4BBA-A92C-CDCAA9B86BC5}
		{D4286E4C-0B0C-4FDD-87B1-26F5EB03F338} = {FE3ABEB1-EA27-4CBE-8554-34D93EDFD034}
		{835A4E31-F504-4D73-B8DD-85799A5F5A97} = {FE3ABEB1-EA27-4CBE-8554-34D93EDFD034}
		{6BF48FF6-911A-4856-B526-178CE033B6AD} = {B5085B83-CFE3-4BBA-A92C-CDCAA9B86BC5}
		{6A382376-E2DF-4D27-AD82-D0B231A0F074} = {86473F17-C524-4211-9897-1CC532801551}
		{DDA4988C-B760-408D-8365-C76398F84CD6} = {6BF48FF6-911A-4856-B526-178CE033B6AD}
		{8AB3A1AF-2E8F-43A9-A339-101EAD4687B9} = {6BF48FF6-911A-4856-B526-178CE033B6AD}
		{6BD39F05-2000-41A1-BBB9-023C58A16CB5} = {BB01674C-1CDF-457E-9639-87F1B36F8DCA}
		{86473F17-C524-4211-9897-1CC532801551} = {B5085B83-CFE3-4BBA-A92C-CDCAA9B86BC5}
		{FE3ABEB1-EA27-4CBE-8554-34D93EDFD034} = {86473F17-C524-4211-9897-1CC532801551}
		{355D2AD2-5A32-4E1C-A9E7-9856633E2091} = {BB01674C-1CDF-457E-9639-87F1B36F8DCA}
		{B05BDDCA-76D3-4D45-AEA2-C5EBC9471C10} = {BB01674C-1CDF-457E-9639-87F1B36F8DCA}
		{BB1B8397-47F1-4EF2-A7B8-E9780B80EA2F} = {86473F17-C524-4211-9897-1CC532801551}
	EndGlobalSection
	GlobalSection(ExtensibilityGlobals) = postSolution
		SolutionGuid = {72C03CDF-61CA-477A-A985-004FE6CBFD3F}
	EndGlobalSection
EndGlobal
