
Microsoft Visual Studio Solution File, Format Version 12.00
# Visual Studio Version 17
VisualStudioVersion = 17.0.32126.317
MinimumVisualStudioVersion = 10.0.40219.1
Project("{2150E333-8FDC-42A3-9474-1A3956D46DE8}") = "src", "src", "{B5085B83-CFE3-4BBA-A92C-CDCAA9B86BC5}"
EndProject
Project("{2150E333-8FDC-42A3-9474-1A3956D46DE8}") = "test", "test", "{E1BD19D9-F466-4D5D-8949-6DCE67342A6C}"
EndProject
Project("{2150E333-8FDC-42A3-9474-1A3956D46DE8}") = "Solution Items", "Solution Items", "{B943B795-FCA8-4A16-BC99-93EDA9E90E91}"
	ProjectSection(SolutionItems) = preProject
		.editorconfig = .editorconfig
	EndProjectSection
EndProject
Project("{2150E333-8FDC-42A3-9474-1A3956D46DE8}") = "Core", "Core", "{BB01674C-1CDF-457E-9639-87F1B36F8DCA}"
EndProject
Project("{2150E333-8FDC-42A3-9474-1A3956D46DE8}") = "Presentation", "Presentation", "{6A382376-E2DF-4D27-AD82-D0B231A0F074}"
EndProject
Project("{2150E333-8FDC-42A3-9474-1A3956D46DE8}") = "External", "External", "{86473F17-C524-4211-9897-1CC532801551}"
EndProject
Project("{2150E333-8FDC-42A3-9474-1A3956D46DE8}") = "Infrastructure", "Infrastructure", "{FE3ABEB1-EA27-4CBE-8554-34D93EDFD034}"
EndProject
Project("{9A19103F-16F7-4668-BE54-9A1E7A4F7556}") = "SharedKernel", "src\Core\SharedKernel\SharedKernel.csproj", "{D16A6055-0676-4E65-BAED-04CA67D02BC9}"
EndProject
Project("{9A19103F-16F7-4668-BE54-9A1E7A4F7556}") = "BooksStore.Domain", "src\Core\BooksStore.Domain\BooksStore.Domain.csproj", "{22B96F30-1530-4394-8A36-D8AAC1F8F6DE}"
EndProject
Project("{9A19103F-16F7-4668-BE54-9A1E7A4F7556}") = "BooksStore.Application", "src\Core\BooksStore.Application\BooksStore.Application.csproj", "{4262DEA5-1798-46E7-94B0-342297E2A9E0}"
EndProject
Project("{9A19103F-16F7-4668-BE54-9A1E7A4F7556}") = "BooksStore.Infrastructure.Shared", "src\External\Infrastructure\BooksStore.Infrastructure.Shared\BooksStore.Infrastructure.Shared.csproj", "{373C59DC-D40F-40FC-88DD-7DC58D27323E}"
EndProject
Project("{9A19103F-16F7-4668-BE54-9A1E7A4F7556}") = "BooksStore.Debug.Console", "src\External\Presentation\BooksStore.Debug.Console\BooksStore.Debug.Console.csproj", "{31BC86C9-CE3D-4C45-B1C6-A6B6643739EA}"
EndProject
Project("{2150E333-8FDC-42A3-9474-1A3956D46DE8}") = "unit", "unit", "{9F16D8F5-E374-4BDA-9948-23B03C95FB17}"
EndProject
Project("{9A19103F-16F7-4668-BE54-9A1E7A4F7556}") = "BooksStore.Architecture.Tests", "tests\Unit\Architecture.Tests\BooksStore.Architecture.Tests.csproj", "{64B74C54-CAB7-4FC3-83C7-AD912DFB2E8B}"
EndProject
Project("{9A19103F-16F7-4668-BE54-9A1E7A4F7556}") = "BooksStore.Infra.Data", "src\External\Infrastructure\BooksStore.Infra.Data\BooksStore.Infra.Data.csproj", "{522C1701-CAF5-47F9-B936-7A69AB06C838}"
EndProject
Project("{9A19103F-16F7-4668-BE54-9A1E7A4F7556}") = "BooksStore.Core.Tests", "tests\Unit\BooksStore.Core.Tests\BooksStore.Core.Tests.csproj", "{A3F6E013-A507-49B9-8DF6-E9441F2DA6E3}"
EndProject
Project("{9A19103F-16F7-4668-BE54-9A1E7A4F7556}") = "BooksStore.Persistence", "src\External\Infrastructure\BooksStore.Persistence\BooksStore.Persistence.csproj", "{CFC7E3E9-65E4-4412-B8FD-2CFCB6A2A22D}"
EndProject
Project("{9A19103F-16F7-4668-BE54-9A1E7A4F7556}") = "BooksStore.WebApi", "src\External\Presentation\BooksStore.WebApi\BooksStore.WebApi.csproj", "{B53BF323-514D-48FE-A5C4-1F941CBD36E9}"
EndProject
Project("{9A19103F-16F7-4668-BE54-9A1E7A4F7556}") = "BooksStore.Infra.MongoDB", "src\External\Infrastructure\BooksStore.Infra.MongoDB\BooksStore.Infra.MongoDB.csproj", "{E638075D-FC85-4F2A-A860-2C02BF621824}"
EndProject
Project("{9A19103F-16F7-4668-BE54-9A1E7A4F7556}") = "BooksStore.Application.XunitTests", "tests\Unit\BooksStore.Application.XunitTests\BooksStore.Application.XunitTests.csproj", "{172222E1-2F54-46CC-A3FC-0C17A5DCEFC9}"
EndProject
Project("{2150E333-8FDC-42A3-9474-1A3956D46DE8}") = "Integration", "Integration", "{03BF9291-E8BA-40DD-AE9D-65DAA5E12A84}"
EndProject
Project("{9A19103F-16F7-4668-BE54-9A1E7A4F7556}") = "BooksStore.EfRepository.Tests", "tests\Integration\BooksStore.EfRepository.Tests\BooksStore.EfRepository.Tests.csproj", "{16E19407-2E25-47D3-A59D-80FA640B4A2C}"
EndProject
Project("{9A19103F-16F7-4668-BE54-9A1E7A4F7556}") = "BooksStore.Persistence.Tests", "tests\Integration\BooksStore.Persistence.Tests\BooksStore.Persistence.Tests.csproj", "{59A07AE4-752C-46A1-B86C-F2A870056354}"
EndProject
Project("{9A19103F-16F7-4668-BE54-9A1E7A4F7556}") = "BooksStore.BlazorUI", "src\External\Presentation\BooksStore.BlazorUI\BooksStore.BlazorUI.csproj", "{5A82DACC-C011-4FB4-A47B-9F8864EB78ED}"
EndProject
Project("{9A19103F-16F7-4668-BE54-9A1E7A4F7556}") = "BooksStore.Domain.Tests", "tests\Unit\BooksStore.Domain.Tests\BooksStore.Domain.Tests.csproj", "{A47DFE45-8203-45E9-B23D-2E777404487A}"
EndProject
Global
	GlobalSection(SolutionConfigurationPlatforms) = preSolution
		Debug|Any CPU = Debug|Any CPU
		Release|Any CPU = Release|Any CPU
	EndGlobalSection
	GlobalSection(ProjectConfigurationPlatforms) = postSolution
		{D16A6055-0676-4E65-BAED-04CA67D02BC9}.Debug|Any CPU.ActiveCfg = Debug|Any CPU
		{D16A6055-0676-4E65-BAED-04CA67D02BC9}.Debug|Any CPU.Build.0 = Debug|Any CPU
		{D16A6055-0676-4E65-BAED-04CA67D02BC9}.Release|Any CPU.ActiveCfg = Release|Any CPU
		{D16A6055-0676-4E65-BAED-04CA67D02BC9}.Release|Any CPU.Build.0 = Release|Any CPU
		{22B96F30-1530-4394-8A36-D8AAC1F8F6DE}.Debug|Any CPU.ActiveCfg = Debug|Any CPU
		{22B96F30-1530-4394-8A36-D8AAC1F8F6DE}.Debug|Any CPU.Build.0 = Debug|Any CPU
		{22B96F30-1530-4394-8A36-D8AAC1F8F6DE}.Release|Any CPU.ActiveCfg = Release|Any CPU
		{22B96F30-1530-4394-8A36-D8AAC1F8F6DE}.Release|Any CPU.Build.0 = Release|Any CPU
		{4262DEA5-1798-46E7-94B0-342297E2A9E0}.Debug|Any CPU.ActiveCfg = Debug|Any CPU
		{4262DEA5-1798-46E7-94B0-342297E2A9E0}.Debug|Any CPU.Build.0 = Debug|Any CPU
		{4262DEA5-1798-46E7-94B0-342297E2A9E0}.Release|Any CPU.ActiveCfg = Release|Any CPU
		{4262DEA5-1798-46E7-94B0-342297E2A9E0}.Release|Any CPU.Build.0 = Release|Any CPU
		{373C59DC-D40F-40FC-88DD-7DC58D27323E}.Debug|Any CPU.ActiveCfg = Debug|Any CPU
		{373C59DC-D40F-40FC-88DD-7DC58D27323E}.Debug|Any CPU.Build.0 = Debug|Any CPU
		{373C59DC-D40F-40FC-88DD-7DC58D27323E}.Release|Any CPU.ActiveCfg = Release|Any CPU
		{373C59DC-D40F-40FC-88DD-7DC58D27323E}.Release|Any CPU.Build.0 = Release|Any CPU
		{31BC86C9-CE3D-4C45-B1C6-A6B6643739EA}.Debug|Any CPU.ActiveCfg = Debug|Any CPU
		{31BC86C9-CE3D-4C45-B1C6-A6B6643739EA}.Debug|Any CPU.Build.0 = Debug|Any CPU
		{31BC86C9-CE3D-4C45-B1C6-A6B6643739EA}.Release|Any CPU.ActiveCfg = Release|Any CPU
		{31BC86C9-CE3D-4C45-B1C6-A6B6643739EA}.Release|Any CPU.Build.0 = Release|Any CPU
		{64B74C54-CAB7-4FC3-83C7-AD912DFB2E8B}.Debug|Any CPU.ActiveCfg = Debug|Any CPU
		{64B74C54-CAB7-4FC3-83C7-AD912DFB2E8B}.Debug|Any CPU.Build.0 = Debug|Any CPU
		{64B74C54-CAB7-4FC3-83C7-AD912DFB2E8B}.Release|Any CPU.ActiveCfg = Release|Any CPU
		{64B74C54-CAB7-4FC3-83C7-AD912DFB2E8B}.Release|Any CPU.Build.0 = Release|Any CPU
		{522C1701-CAF5-47F9-B936-7A69AB06C838}.Debug|Any CPU.ActiveCfg = Debug|Any CPU
		{522C1701-CAF5-47F9-B936-7A69AB06C838}.Debug|Any CPU.Build.0 = Debug|Any CPU
		{522C1701-CAF5-47F9-B936-7A69AB06C838}.Release|Any CPU.ActiveCfg = Release|Any CPU
		{522C1701-CAF5-47F9-B936-7A69AB06C838}.Release|Any CPU.Build.0 = Release|Any CPU
		{A3F6E013-A507-49B9-8DF6-E9441F2DA6E3}.Debug|Any CPU.ActiveCfg = Debug|Any CPU
		{A3F6E013-A507-49B9-8DF6-E9441F2DA6E3}.Debug|Any CPU.Build.0 = Debug|Any CPU
		{A3F6E013-A507-49B9-8DF6-E9441F2DA6E3}.Release|Any CPU.ActiveCfg = Release|Any CPU
		{A3F6E013-A507-49B9-8DF6-E9441F2DA6E3}.Release|Any CPU.Build.0 = Release|Any CPU
		{CFC7E3E9-65E4-4412-B8FD-2CFCB6A2A22D}.Debug|Any CPU.ActiveCfg = Debug|Any CPU
		{CFC7E3E9-65E4-4412-B8FD-2CFCB6A2A22D}.Debug|Any CPU.Build.0 = Debug|Any CPU
		{CFC7E3E9-65E4-4412-B8FD-2CFCB6A2A22D}.Release|Any CPU.ActiveCfg = Release|Any CPU
		{CFC7E3E9-65E4-4412-B8FD-2CFCB6A2A22D}.Release|Any CPU.Build.0 = Release|Any CPU
		{B53BF323-514D-48FE-A5C4-1F941CBD36E9}.Debug|Any CPU.ActiveCfg = Debug|Any CPU
		{B53BF323-514D-48FE-A5C4-1F941CBD36E9}.Debug|Any CPU.Build.0 = Debug|Any CPU
		{B53BF323-514D-48FE-A5C4-1F941CBD36E9}.Release|Any CPU.ActiveCfg = Release|Any CPU
		{B53BF323-514D-48FE-A5C4-1F941CBD36E9}.Release|Any CPU.Build.0 = Release|Any CPU
		{E638075D-FC85-4F2A-A860-2C02BF621824}.Debug|Any CPU.ActiveCfg = Debug|Any CPU
		{E638075D-FC85-4F2A-A860-2C02BF621824}.Debug|Any CPU.Build.0 = Debug|Any CPU
		{E638075D-FC85-4F2A-A860-2C02BF621824}.Release|Any CPU.ActiveCfg = Release|Any CPU
		{E638075D-FC85-4F2A-A860-2C02BF621824}.Release|Any CPU.Build.0 = Release|Any CPU
		{172222E1-2F54-46CC-A3FC-0C17A5DCEFC9}.Debug|Any CPU.ActiveCfg = Debug|Any CPU
		{172222E1-2F54-46CC-A3FC-0C17A5DCEFC9}.Debug|Any CPU.Build.0 = Debug|Any CPU
		{172222E1-2F54-46CC-A3FC-0C17A5DCEFC9}.Release|Any CPU.ActiveCfg = Release|Any CPU
		{172222E1-2F54-46CC-A3FC-0C17A5DCEFC9}.Release|Any CPU.Build.0 = Release|Any CPU
		{16E19407-2E25-47D3-A59D-80FA640B4A2C}.Debug|Any CPU.ActiveCfg = Debug|Any CPU
		{16E19407-2E25-47D3-A59D-80FA640B4A2C}.Debug|Any CPU.Build.0 = Debug|Any CPU
		{16E19407-2E25-47D3-A59D-80FA640B4A2C}.Release|Any CPU.ActiveCfg = Release|Any CPU
		{16E19407-2E25-47D3-A59D-80FA640B4A2C}.Release|Any CPU.Build.0 = Release|Any CPU
		{59A07AE4-752C-46A1-B86C-F2A870056354}.Debug|Any CPU.ActiveCfg = Debug|Any CPU
		{59A07AE4-752C-46A1-B86C-F2A870056354}.Debug|Any CPU.Build.0 = Debug|Any CPU
		{59A07AE4-752C-46A1-B86C-F2A870056354}.Release|Any CPU.ActiveCfg = Release|Any CPU
		{59A07AE4-752C-46A1-B86C-F2A870056354}.Release|Any CPU.Build.0 = Release|Any CPU
		{5A82DACC-C011-4FB4-A47B-9F8864EB78ED}.Debug|Any CPU.ActiveCfg = Debug|Any CPU
		{5A82DACC-C011-4FB4-A47B-9F8864EB78ED}.Debug|Any CPU.Build.0 = Debug|Any CPU
		{5A82DACC-C011-4FB4-A47B-9F8864EB78ED}.Release|Any CPU.ActiveCfg = Release|Any CPU
		{5A82DACC-C011-4FB4-A47B-9F8864EB78ED}.Release|Any CPU.Build.0 = Release|Any CPU
		{A47DFE45-8203-45E9-B23D-2E777404487A}.Debug|Any CPU.ActiveCfg = Debug|Any CPU
		{A47DFE45-8203-45E9-B23D-2E777404487A}.Debug|Any CPU.Build.0 = Debug|Any CPU
		{A47DFE45-8203-45E9-B23D-2E777404487A}.Release|Any CPU.ActiveCfg = Release|Any CPU
		{A47DFE45-8203-45E9-B23D-2E777404487A}.Release|Any CPU.Build.0 = Release|Any CPU
	EndGlobalSection
	GlobalSection(SolutionProperties) = preSolution
		HideSolutionNode = FALSE
	EndGlobalSection
	GlobalSection(NestedProjects) = preSolution
		{BB01674C-1CDF-457E-9639-87F1B36F8DCA} = {B5085B83-CFE3-4BBA-A92C-CDCAA9B86BC5}
		{6A382376-E2DF-4D27-AD82-D0B231A0F074} = {86473F17-C524-4211-9897-1CC532801551}
		{86473F17-C524-4211-9897-1CC532801551} = {B5085B83-CFE3-4BBA-A92C-CDCAA9B86BC5}
		{FE3ABEB1-EA27-4CBE-8554-34D93EDFD034} = {86473F17-C524-4211-9897-1CC532801551}
		{D16A6055-0676-4E65-BAED-04CA67D02BC9} = {BB01674C-1CDF-457E-9639-87F1B36F8DCA}
		{22B96F30-1530-4394-8A36-D8AAC1F8F6DE} = {BB01674C-1CDF-457E-9639-87F1B36F8DCA}
		{4262DEA5-1798-46E7-94B0-342297E2A9E0} = {BB01674C-1CDF-457E-9639-87F1B36F8DCA}
		{373C59DC-D40F-40FC-88DD-7DC58D27323E} = {FE3ABEB1-EA27-4CBE-8554-34D93EDFD034}
		{31BC86C9-CE3D-4C45-B1C6-A6B6643739EA} = {6A382376-E2DF-4D27-AD82-D0B231A0F074}
		{9F16D8F5-E374-4BDA-9948-23B03C95FB17} = {E1BD19D9-F466-4D5D-8949-6DCE67342A6C}
		{64B74C54-CAB7-4FC3-83C7-AD912DFB2E8B} = {9F16D8F5-E374-4BDA-9948-23B03C95FB17}
		{522C1701-CAF5-47F9-B936-7A69AB06C838} = {FE3ABEB1-EA27-4CBE-8554-34D93EDFD034}
		{A3F6E013-A507-49B9-8DF6-E9441F2DA6E3} = {9F16D8F5-E374-4BDA-9948-23B03C95FB17}
		{CFC7E3E9-65E4-4412-B8FD-2CFCB6A2A22D} = {FE3ABEB1-EA27-4CBE-8554-34D93EDFD034}
		{B53BF323-514D-48FE-A5C4-1F941CBD36E9} = {6A382376-E2DF-4D27-AD82-D0B231A0F074}
		{E638075D-FC85-4F2A-A860-2C02BF621824} = {FE3ABEB1-EA27-4CBE-8554-34D93EDFD034}
		{172222E1-2F54-46CC-A3FC-0C17A5DCEFC9} = {9F16D8F5-E374-4BDA-9948-23B03C95FB17}
		{03BF9291-E8BA-40DD-AE9D-65DAA5E12A84} = {E1BD19D9-F466-4D5D-8949-6DCE67342A6C}
		{16E19407-2E25-47D3-A59D-80FA640B4A2C} = {03BF9291-E8BA-40DD-AE9D-65DAA5E12A84}
		{59A07AE4-752C-46A1-B86C-F2A870056354} = {03BF9291-E8BA-40DD-AE9D-65DAA5E12A84}
		{5A82DACC-C011-4FB4-A47B-9F8864EB78ED} = {6A382376-E2DF-4D27-AD82-D0B231A0F074}
		{A47DFE45-8203-45E9-B23D-2E777404487A} = {9F16D8F5-E374-4BDA-9948-23B03C95FB17}
	EndGlobalSection
	GlobalSection(ExtensibilityGlobals) = postSolution
		SolutionGuid = {72C03CDF-61CA-477A-A985-004FE6CBFD3F}
	EndGlobalSection
EndGlobal
