
Microsoft Visual Studio Solution File, Format Version 12.00
# Visual Studio Version 17
VisualStudioVersion = 17.5.002.0
MinimumVisualStudioVersion = 10.0.40219.1
Project("{9A19103F-16F7-4668-BE54-9A1E7A4F7556}") = "BooksStore.Core", "BooksStore.Core\BooksStore.Core.csproj", "{688257FD-5850-403B-A4C3-DF503E80AF0A}"
EndProject
Project("{9A19103F-16F7-4668-BE54-9A1E7A4F7556}") = "BooksStore.Core.IoC", "BooksStore.Core.Ioc\BooksStore.Core.IoC.csproj", "{896EC657-7DEC-4DC7-B2C1-9B7BB71BC560}"
EndProject
Project("{9A19103F-16F7-4668-BE54-9A1E7A4F7556}") = "BooksStore.Domain.Core", "BooksStore.Domain.Core\BooksStore.Domain.Core.csproj", "{133024C2-5324-4503-8A0D-4BA4D31356B1}"
EndProject
Project("{9A19103F-16F7-4668-BE54-9A1E7A4F7556}") = "BooksStore.Infra.Bus", "BooksStore.Infra.Bus\BooksStore.Infra.Bus.csproj", "{0B5B6FA3-C222-4C87-B913-FD7E99F770DF}"
EndProject
Project("{9A19103F-16F7-4668-BE54-9A1E7A4F7556}") = "BooksStore.Infra.Data", "BooksStore.Infra.Data\BooksStore.Infra.Data.csproj", "{42D699EC-C776-4E42-B3D9-0DD26AC48140}"
EndProject
Project("{9A19103F-16F7-4668-BE54-9A1E7A4F7556}") = "BooksStore.Infra.EfDB", "BooksStore.Infra.EfDB\BooksStore.Infra.EfDB.csproj", "{813CF389-B3BC-4BB1-AA1B-388B35CB3C0A}"
EndProject
Project("{9A19103F-16F7-4668-BE54-9A1E7A4F7556}") = "BooksStore.Infra.MongoDB", "BooksStore.Infra.MongoDB\BooksStore.Infra.MongoDB.csproj", "{1235F9C6-F3F8-487F-9DFB-E633EC504197}"
EndProject
Project("{9A19103F-16F7-4668-BE54-9A1E7A4F7556}") = "BooksStore.Web", "BooksStore.Web\BooksStore.Web.csproj", "{33E03CC7-8392-412D-B981-D51648C4A11B}"
EndProject
Project("{9A19103F-16F7-4668-BE54-9A1E7A4F7556}") = "BooksStore.WebApi", "BooksStore.WebApi\BooksStore.WebApi.csproj", "{DB9A1AD5-AF0F-4C25-ADA7-43C311842E94}"
EndProject
Project("{9A19103F-16F7-4668-BE54-9A1E7A4F7556}") = "Contracts", "Contracts\Contracts.csproj", "{7D205095-9C86-4812-B8FB-6C77CB5276F9}"
EndProject
Project("{2150E333-8FDC-42A3-9474-1A3956D46DE8}") = "Core", "Core", "{7AAA9AE5-03D1-4ECA-80BC-DE44A54783B3}"
EndProject
Project("{9A19103F-16F7-4668-BE54-9A1E7A4F7556}") = "BooksStore.Application", "Core\BooksStore.Application\BooksStore.Application.csproj", "{A7524F30-9063-4BA6-9483-5B1427C1A106}"
EndProject
Project("{9A19103F-16F7-4668-BE54-9A1E7A4F7556}") = "BooksStore.Domain", "Core\BooksStore.Domain\BooksStore.Domain.csproj", "{BAF8550D-40A4-41F5-AE16-0FDC6BE06E51}"
EndProject
Project("{9A19103F-16F7-4668-BE54-9A1E7A4F7556}") = "SharedKernel", "Core\SharedKernel\SharedKernel.csproj", "{3570D863-4B17-4DBB-B659-7A1D51617956}"
EndProject
Project("{2150E333-8FDC-42A3-9474-1A3956D46DE8}") = "External", "External", "{1CFEAADB-8615-44B2-B199-E2D5E8EA5975}"
EndProject
Project("{2150E333-8FDC-42A3-9474-1A3956D46DE8}") = "Infrastructure", "Infrastructure", "{D2FB28CC-4040-4D52-B23F-4030F81D86B0}"
EndProject
Project("{9A19103F-16F7-4668-BE54-9A1E7A4F7556}") = "BooksStore.Infrastructure", "External\Infrastructure\BooksStore.Infrastructure\BooksStore.Infrastructure.csproj", "{EB19FF97-BB8B-4779-A724-DBE79D9E6ABF}"
EndProject
Project("{9A19103F-16F7-4668-BE54-9A1E7A4F7556}") = "BooksStore.Infrastructure.Shared", "External\Infrastructure\BooksStore.Infrastructure.Shared\BooksStore.Infrastructure.Shared.csproj", "{5A401175-01F0-47BA-98AF-767D1B303B37}"
EndProject
Project("{2150E333-8FDC-42A3-9474-1A3956D46DE8}") = "Presentation", "Presentation", "{7455C9C1-7D01-43F2-98FA-B35036EFE5F6}"
EndProject
Project("{9A19103F-16F7-4668-BE54-9A1E7A4F7556}") = "BooksStore.Debug.Console", "External\Presentation\BooksStore.Debug.Console\BooksStore.Debug.Console.csproj", "{B05D4413-CFED-4FA2-AA97-FBFB7C0D79E4}"
EndProject
Global
	GlobalSection(SolutionConfigurationPlatforms) = preSolution
		Debug|Any CPU = Debug|Any CPU
		Release|Any CPU = Release|Any CPU
	EndGlobalSection
	GlobalSection(ProjectConfigurationPlatforms) = postSolution
		{688257FD-5850-403B-A4C3-DF503E80AF0A}.Debug|Any CPU.ActiveCfg = Debug|Any CPU
		{688257FD-5850-403B-A4C3-DF503E80AF0A}.Debug|Any CPU.Build.0 = Debug|Any CPU
		{688257FD-5850-403B-A4C3-DF503E80AF0A}.Release|Any CPU.ActiveCfg = Release|Any CPU
		{688257FD-5850-403B-A4C3-DF503E80AF0A}.Release|Any CPU.Build.0 = Release|Any CPU
		{896EC657-7DEC-4DC7-B2C1-9B7BB71BC560}.Debug|Any CPU.ActiveCfg = Debug|Any CPU
		{896EC657-7DEC-4DC7-B2C1-9B7BB71BC560}.Debug|Any CPU.Build.0 = Debug|Any CPU
		{896EC657-7DEC-4DC7-B2C1-9B7BB71BC560}.Release|Any CPU.ActiveCfg = Release|Any CPU
		{896EC657-7DEC-4DC7-B2C1-9B7BB71BC560}.Release|Any CPU.Build.0 = Release|Any CPU
		{133024C2-5324-4503-8A0D-4BA4D31356B1}.Debug|Any CPU.ActiveCfg = Debug|Any CPU
		{133024C2-5324-4503-8A0D-4BA4D31356B1}.Debug|Any CPU.Build.0 = Debug|Any CPU
		{133024C2-5324-4503-8A0D-4BA4D31356B1}.Release|Any CPU.ActiveCfg = Release|Any CPU
		{133024C2-5324-4503-8A0D-4BA4D31356B1}.Release|Any CPU.Build.0 = Release|Any CPU
		{0B5B6FA3-C222-4C87-B913-FD7E99F770DF}.Debug|Any CPU.ActiveCfg = Debug|Any CPU
		{0B5B6FA3-C222-4C87-B913-FD7E99F770DF}.Debug|Any CPU.Build.0 = Debug|Any CPU
		{0B5B6FA3-C222-4C87-B913-FD7E99F770DF}.Release|Any CPU.ActiveCfg = Release|Any CPU
		{0B5B6FA3-C222-4C87-B913-FD7E99F770DF}.Release|Any CPU.Build.0 = Release|Any CPU
		{42D699EC-C776-4E42-B3D9-0DD26AC48140}.Debug|Any CPU.ActiveCfg = Debug|Any CPU
		{42D699EC-C776-4E42-B3D9-0DD26AC48140}.Debug|Any CPU.Build.0 = Debug|Any CPU
		{42D699EC-C776-4E42-B3D9-0DD26AC48140}.Release|Any CPU.ActiveCfg = Release|Any CPU
		{42D699EC-C776-4E42-B3D9-0DD26AC48140}.Release|Any CPU.Build.0 = Release|Any CPU
		{813CF389-B3BC-4BB1-AA1B-388B35CB3C0A}.Debug|Any CPU.ActiveCfg = Debug|Any CPU
		{813CF389-B3BC-4BB1-AA1B-388B35CB3C0A}.Debug|Any CPU.Build.0 = Debug|Any CPU
		{813CF389-B3BC-4BB1-AA1B-388B35CB3C0A}.Release|Any CPU.ActiveCfg = Release|Any CPU
		{813CF389-B3BC-4BB1-AA1B-388B35CB3C0A}.Release|Any CPU.Build.0 = Release|Any CPU
		{1235F9C6-F3F8-487F-9DFB-E633EC504197}.Debug|Any CPU.ActiveCfg = Debug|Any CPU
		{1235F9C6-F3F8-487F-9DFB-E633EC504197}.Debug|Any CPU.Build.0 = Debug|Any CPU
		{1235F9C6-F3F8-487F-9DFB-E633EC504197}.Release|Any CPU.ActiveCfg = Release|Any CPU
		{1235F9C6-F3F8-487F-9DFB-E633EC504197}.Release|Any CPU.Build.0 = Release|Any CPU
		{33E03CC7-8392-412D-B981-D51648C4A11B}.Debug|Any CPU.ActiveCfg = Debug|Any CPU
		{33E03CC7-8392-412D-B981-D51648C4A11B}.Debug|Any CPU.Build.0 = Debug|Any CPU
		{33E03CC7-8392-412D-B981-D51648C4A11B}.Release|Any CPU.ActiveCfg = Release|Any CPU
		{33E03CC7-8392-412D-B981-D51648C4A11B}.Release|Any CPU.Build.0 = Release|Any CPU
		{DB9A1AD5-AF0F-4C25-ADA7-43C311842E94}.Debug|Any CPU.ActiveCfg = Debug|Any CPU
		{DB9A1AD5-AF0F-4C25-ADA7-43C311842E94}.Debug|Any CPU.Build.0 = Debug|Any CPU
		{DB9A1AD5-AF0F-4C25-ADA7-43C311842E94}.Release|Any CPU.ActiveCfg = Release|Any CPU
		{DB9A1AD5-AF0F-4C25-ADA7-43C311842E94}.Release|Any CPU.Build.0 = Release|Any CPU
		{7D205095-9C86-4812-B8FB-6C77CB5276F9}.Debug|Any CPU.ActiveCfg = Debug|Any CPU
		{7D205095-9C86-4812-B8FB-6C77CB5276F9}.Debug|Any CPU.Build.0 = Debug|Any CPU
		{7D205095-9C86-4812-B8FB-6C77CB5276F9}.Release|Any CPU.ActiveCfg = Release|Any CPU
		{7D205095-9C86-4812-B8FB-6C77CB5276F9}.Release|Any CPU.Build.0 = Release|Any CPU
		{A7524F30-9063-4BA6-9483-5B1427C1A106}.Debug|Any CPU.ActiveCfg = Debug|Any CPU
		{A7524F30-9063-4BA6-9483-5B1427C1A106}.Debug|Any CPU.Build.0 = Debug|Any CPU
		{A7524F30-9063-4BA6-9483-5B1427C1A106}.Release|Any CPU.ActiveCfg = Release|Any CPU
		{A7524F30-9063-4BA6-9483-5B1427C1A106}.Release|Any CPU.Build.0 = Release|Any CPU
		{BAF8550D-40A4-41F5-AE16-0FDC6BE06E51}.Debug|Any CPU.ActiveCfg = Debug|Any CPU
		{BAF8550D-40A4-41F5-AE16-0FDC6BE06E51}.Debug|Any CPU.Build.0 = Debug|Any CPU
		{BAF8550D-40A4-41F5-AE16-0FDC6BE06E51}.Release|Any CPU.ActiveCfg = Release|Any CPU
		{BAF8550D-40A4-41F5-AE16-0FDC6BE06E51}.Release|Any CPU.Build.0 = Release|Any CPU
		{3570D863-4B17-4DBB-B659-7A1D51617956}.Debug|Any CPU.ActiveCfg = Debug|Any CPU
		{3570D863-4B17-4DBB-B659-7A1D51617956}.Debug|Any CPU.Build.0 = Debug|Any CPU
		{3570D863-4B17-4DBB-B659-7A1D51617956}.Release|Any CPU.ActiveCfg = Release|Any CPU
		{3570D863-4B17-4DBB-B659-7A1D51617956}.Release|Any CPU.Build.0 = Release|Any CPU
		{EB19FF97-BB8B-4779-A724-DBE79D9E6ABF}.Debug|Any CPU.ActiveCfg = Debug|Any CPU
		{EB19FF97-BB8B-4779-A724-DBE79D9E6ABF}.Debug|Any CPU.Build.0 = Debug|Any CPU
		{EB19FF97-BB8B-4779-A724-DBE79D9E6ABF}.Release|Any CPU.ActiveCfg = Release|Any CPU
		{EB19FF97-BB8B-4779-A724-DBE79D9E6ABF}.Release|Any CPU.Build.0 = Release|Any CPU
		{5A401175-01F0-47BA-98AF-767D1B303B37}.Debug|Any CPU.ActiveCfg = Debug|Any CPU
		{5A401175-01F0-47BA-98AF-767D1B303B37}.Debug|Any CPU.Build.0 = Debug|Any CPU
		{5A401175-01F0-47BA-98AF-767D1B303B37}.Release|Any CPU.ActiveCfg = Release|Any CPU
		{5A401175-01F0-47BA-98AF-767D1B303B37}.Release|Any CPU.Build.0 = Release|Any CPU
		{B05D4413-CFED-4FA2-AA97-FBFB7C0D79E4}.Debug|Any CPU.ActiveCfg = Debug|Any CPU
		{B05D4413-CFED-4FA2-AA97-FBFB7C0D79E4}.Debug|Any CPU.Build.0 = Debug|Any CPU
		{B05D4413-CFED-4FA2-AA97-FBFB7C0D79E4}.Release|Any CPU.ActiveCfg = Release|Any CPU
		{B05D4413-CFED-4FA2-AA97-FBFB7C0D79E4}.Release|Any CPU.Build.0 = Release|Any CPU
	EndGlobalSection
	GlobalSection(SolutionProperties) = preSolution
		HideSolutionNode = FALSE
	EndGlobalSection
	GlobalSection(NestedProjects) = preSolution
		{A7524F30-9063-4BA6-9483-5B1427C1A106} = {7AAA9AE5-03D1-4ECA-80BC-DE44A54783B3}
		{BAF8550D-40A4-41F5-AE16-0FDC6BE06E51} = {7AAA9AE5-03D1-4ECA-80BC-DE44A54783B3}
		{3570D863-4B17-4DBB-B659-7A1D51617956} = {7AAA9AE5-03D1-4ECA-80BC-DE44A54783B3}
		{D2FB28CC-4040-4D52-B23F-4030F81D86B0} = {1CFEAADB-8615-44B2-B199-E2D5E8EA5975}
		{EB19FF97-BB8B-4779-A724-DBE79D9E6ABF} = {D2FB28CC-4040-4D52-B23F-4030F81D86B0}
		{5A401175-01F0-47BA-98AF-767D1B303B37} = {D2FB28CC-4040-4D52-B23F-4030F81D86B0}
		{7455C9C1-7D01-43F2-98FA-B35036EFE5F6} = {1CFEAADB-8615-44B2-B199-E2D5E8EA5975}
		{B05D4413-CFED-4FA2-AA97-FBFB7C0D79E4} = {7455C9C1-7D01-43F2-98FA-B35036EFE5F6}
	EndGlobalSection
	GlobalSection(ExtensibilityGlobals) = postSolution
		SolutionGuid = {365B71A0-B208-42F8-95A3-A2F2421EA4AF}
	EndGlobalSection
EndGlobal
